
Microsoft Visual Studio Solution File, Format Version 12.00
# Visual Studio Version 17
VisualStudioVersion = 17.4.33213.308
MinimumVisualStudioVersion = 10.0.40219.1
Project("{FAE04EC0-301F-11D3-BF4B-00C04F79EFBC}") = "WebApiToDo", "WebApiToDo\WebApiToDo.csproj", "{D8676398-06B7-4516-B5B6-1A24CADE37EE}"
EndProject
Global
	GlobalSection(SolutionConfigurationPlatforms) = preSolution
		Debug|Any CPU = Debug|Any CPU
		Release|Any CPU = Release|Any CPU
	EndGlobalSection
	GlobalSection(ProjectConfigurationPlatforms) = postSolution
		{D8676398-06B7-4516-B5B6-1A24CADE37EE}.Debug|Any CPU.ActiveCfg = Debug|Any CPU
		{D8676398-06B7-4516-B5B6-1A24CADE37EE}.Debug|Any CPU.Build.0 = Debug|Any CPU
		{D8676398-06B7-4516-B5B6-1A24CADE37EE}.Release|Any CPU.ActiveCfg = Release|Any CPU
		{D8676398-06B7-4516-B5B6-1A24CADE37EE}.Release|Any CPU.Build.0 = Release|Any CPU
	EndGlobalSection
	GlobalSection(SolutionProperties) = preSolution
		HideSolutionNode = FALSE
	EndGlobalSection
	GlobalSection(ExtensibilityGlobals) = postSolution
		SolutionGuid = {3E281FB0-66AF-46A9-B3C9-6BA6ADC01B5C}
	EndGlobalSection
EndGlobal
